
Microsoft Visual Studio Solution File, Format Version 12.00
# Visual Studio Version 17
VisualStudioVersion = 17.3.32929.385
MinimumVisualStudioVersion = 10.0.40219.1
Project("{F184B08F-C81C-45F6-A57F-5ABD9991F28F}") = "Task 8 - Sweet Treats Ice Creams", "Task 8 - Sweet Treats Ice Creams\Task 8 - Sweet Treats Ice Creams.vbproj", "{DB30C3D3-163C-45E9-8733-B53B6CFCA676}"
EndProject
Global
	GlobalSection(SolutionConfigurationPlatforms) = preSolution
		Debug|Any CPU = Debug|Any CPU
		Release|Any CPU = Release|Any CPU
	EndGlobalSection
	GlobalSection(ProjectConfigurationPlatforms) = postSolution
		{DB30C3D3-163C-45E9-8733-B53B6CFCA676}.Debug|Any CPU.ActiveCfg = Debug|Any CPU
		{DB30C3D3-163C-45E9-8733-B53B6CFCA676}.Debug|Any CPU.Build.0 = Debug|Any CPU
		{DB30C3D3-163C-45E9-8733-B53B6CFCA676}.Release|Any CPU.ActiveCfg = Release|Any CPU
		{DB30C3D3-163C-45E9-8733-B53B6CFCA676}.Release|Any CPU.Build.0 = Release|Any CPU
	EndGlobalSection
	GlobalSection(SolutionProperties) = preSolution
		HideSolutionNode = FALSE
	EndGlobalSection
	GlobalSection(ExtensibilityGlobals) = postSolution
		SolutionGuid = {6CEE60F6-0468-4BE0-8DC3-1AB8761DFF47}
	EndGlobalSection
EndGlobal
